
Microsoft Visual Studio Solution File, Format Version 12.00
# Visual Studio Version 17
VisualStudioVersion = 17.1.32319.34
MinimumVisualStudioVersion = 10.0.40219.1
Project("{FAE04EC0-301F-11D3-BF4B-00C04F79EFBC}") = "Net24Task", "Net24Task\Net24Task.csproj", "{6121929E-21E6-4D75-9DE2-6B9D7AEB1463}"
EndProject
Global
	GlobalSection(SolutionConfigurationPlatforms) = preSolution
		Debug|Any CPU = Debug|Any CPU
		Release|Any CPU = Release|Any CPU
	EndGlobalSection
	GlobalSection(ProjectConfigurationPlatforms) = postSolution
		{6121929E-21E6-4D75-9DE2-6B9D7AEB1463}.Debug|Any CPU.ActiveCfg = Debug|Any CPU
		{6121929E-21E6-4D75-9DE2-6B9D7AEB1463}.Debug|Any CPU.Build.0 = Debug|Any CPU
		{6121929E-21E6-4D75-9DE2-6B9D7AEB1463}.Release|Any CPU.ActiveCfg = Release|Any CPU
		{6121929E-21E6-4D75-9DE2-6B9D7AEB1463}.Release|Any CPU.Build.0 = Release|Any CPU
	EndGlobalSection
	GlobalSection(SolutionProperties) = preSolution
		HideSolutionNode = FALSE
	EndGlobalSection
	GlobalSection(ExtensibilityGlobals) = postSolution
		SolutionGuid = {799B2D8A-E6A5-41E5-B605-A6F765F6384D}
	EndGlobalSection
EndGlobal
