
Microsoft Visual Studio Solution File, Format Version 12.00
# Visual Studio Version 17
VisualStudioVersion = 17.1.32210.238
MinimumVisualStudioVersion = 10.0.40219.1
Project("{9A19103F-16F7-4668-BE54-9A1E7A4F7556}") = "NET021Task", "NET021Task\NET021Task.csproj", "{AE496F36-73E7-4099-B0D2-FBC54ED2F452}"
EndProject
Project("{FAE04EC0-301F-11D3-BF4B-00C04F79EFBC}") = "NET021Task.Tests", "NET021Task.Tests\NET021Task.Tests.csproj", "{0D65AADD-AC32-4A5A-9FB1-2D55470A1405}"
EndProject
Global
	GlobalSection(SolutionConfigurationPlatforms) = preSolution
		Debug|Any CPU = Debug|Any CPU
		Release|Any CPU = Release|Any CPU
	EndGlobalSection
	GlobalSection(ProjectConfigurationPlatforms) = postSolution
		{AE496F36-73E7-4099-B0D2-FBC54ED2F452}.Debug|Any CPU.ActiveCfg = Debug|Any CPU
		{AE496F36-73E7-4099-B0D2-FBC54ED2F452}.Debug|Any CPU.Build.0 = Debug|Any CPU
		{AE496F36-73E7-4099-B0D2-FBC54ED2F452}.Release|Any CPU.ActiveCfg = Release|Any CPU
		{AE496F36-73E7-4099-B0D2-FBC54ED2F452}.Release|Any CPU.Build.0 = Release|Any CPU
		{0D65AADD-AC32-4A5A-9FB1-2D55470A1405}.Debug|Any CPU.ActiveCfg = Debug|Any CPU
		{0D65AADD-AC32-4A5A-9FB1-2D55470A1405}.Debug|Any CPU.Build.0 = Debug|Any CPU
		{0D65AADD-AC32-4A5A-9FB1-2D55470A1405}.Release|Any CPU.ActiveCfg = Release|Any CPU
		{0D65AADD-AC32-4A5A-9FB1-2D55470A1405}.Release|Any CPU.Build.0 = Release|Any CPU
	EndGlobalSection
	GlobalSection(SolutionProperties) = preSolution
		HideSolutionNode = FALSE
	EndGlobalSection
	GlobalSection(ExtensibilityGlobals) = postSolution
		SolutionGuid = {691BAB8B-09C8-4CDB-A12A-D048A0248266}
	EndGlobalSection
EndGlobal
