
Microsoft Visual Studio Solution File, Format Version 12.00
# Visual Studio Version 17
VisualStudioVersion = 17.1.32210.238
MinimumVisualStudioVersion = 10.0.40219.1
Project("{FAE04EC0-301F-11D3-BF4B-00C04F79EFBC}") = "NET01.2Task", "NET01.2Task\NET01.2Task.csproj", "{9C9A496B-1150-414E-BA28-B01D3938F384}"
EndProject
Global
	GlobalSection(SolutionConfigurationPlatforms) = preSolution
		Debug|Any CPU = Debug|Any CPU
		Release|Any CPU = Release|Any CPU
	EndGlobalSection
	GlobalSection(ProjectConfigurationPlatforms) = postSolution
		{9C9A496B-1150-414E-BA28-B01D3938F384}.Debug|Any CPU.ActiveCfg = Debug|Any CPU
		{9C9A496B-1150-414E-BA28-B01D3938F384}.Debug|Any CPU.Build.0 = Debug|Any CPU
		{9C9A496B-1150-414E-BA28-B01D3938F384}.Release|Any CPU.ActiveCfg = Release|Any CPU
		{9C9A496B-1150-414E-BA28-B01D3938F384}.Release|Any CPU.Build.0 = Release|Any CPU
	EndGlobalSection
	GlobalSection(SolutionProperties) = preSolution
		HideSolutionNode = FALSE
	EndGlobalSection
	GlobalSection(ExtensibilityGlobals) = postSolution
		SolutionGuid = {2659D4C2-D03F-4D00-9563-17A723BF0498}
	EndGlobalSection
EndGlobal
